
Microsoft Visual Studio Solution File, Format Version 12.00
# Visual Studio 15
VisualStudioVersion = 15.0.27703.2035
MinimumVisualStudioVersion = 10.0.40219.1
Project("{FAE04EC0-301F-11D3-BF4B-00C04F79EFBC}") = "PooVueling", "PooVueling\PooVueling.csproj", "{3E44F1E7-C1CA-4D50-9104-59D0631903E7}"
EndProject
Project("{FAE04EC0-301F-11D3-BF4B-00C04F79EFBC}") = "PooVueling.Integration.Tests", "PooVueling.Integration.Tests\PooVueling.Integration.Tests.csproj", "{0068C9E0-75A4-4C3A-8971-74FAF05AD2EC}"
EndProject
Global
	GlobalSection(SolutionConfigurationPlatforms) = preSolution
		Debug|Any CPU = Debug|Any CPU
		Release|Any CPU = Release|Any CPU
	EndGlobalSection
	GlobalSection(ProjectConfigurationPlatforms) = postSolution
		{3E44F1E7-C1CA-4D50-9104-59D0631903E7}.Debug|Any CPU.ActiveCfg = Debug|Any CPU
		{3E44F1E7-C1CA-4D50-9104-59D0631903E7}.Debug|Any CPU.Build.0 = Debug|Any CPU
		{3E44F1E7-C1CA-4D50-9104-59D0631903E7}.Release|Any CPU.ActiveCfg = Release|Any CPU
		{3E44F1E7-C1CA-4D50-9104-59D0631903E7}.Release|Any CPU.Build.0 = Release|Any CPU
		{0068C9E0-75A4-4C3A-8971-74FAF05AD2EC}.Debug|Any CPU.ActiveCfg = Debug|Any CPU
		{0068C9E0-75A4-4C3A-8971-74FAF05AD2EC}.Debug|Any CPU.Build.0 = Debug|Any CPU
		{0068C9E0-75A4-4C3A-8971-74FAF05AD2EC}.Release|Any CPU.ActiveCfg = Release|Any CPU
		{0068C9E0-75A4-4C3A-8971-74FAF05AD2EC}.Release|Any CPU.Build.0 = Release|Any CPU
	EndGlobalSection
	GlobalSection(SolutionProperties) = preSolution
		HideSolutionNode = FALSE
	EndGlobalSection
	GlobalSection(ExtensibilityGlobals) = postSolution
		SolutionGuid = {11A4C097-A031-498F-A201-05BBDA5962AB}
	EndGlobalSection
EndGlobal
